// !$*UTF8*$!
{
	archiveVersion = 1;
	classes = {
	};
	objectVersion = 56;
	objects = {

/* Begin PBXBuildFile section */
		BD78C41A291D79E10070C2E0 /* Big_Robot_Micro_Client_ServicesApp.swift in Sources */ = {isa = PBXBuildFile; fileRef = BD78C419291D79E10070C2E0 /* Big_Robot_Micro_Client_ServicesApp.swift */; };
		BD78C41C291D79E10070C2E0 /* ContentView.swift in Sources */ = {isa = PBXBuildFile; fileRef = BD78C41B291D79E10070C2E0 /* ContentView.swift */; };
		BD78C41E291D79E40070C2E0 /* Assets.xcassets in Resources */ = {isa = PBXBuildFile; fileRef = BD78C41D291D79E40070C2E0 /* Assets.xcassets */; };
		BD78C421291D79E40070C2E0 /* Preview Assets.xcassets in Resources */ = {isa = PBXBuildFile; fileRef = BD78C420291D79E40070C2E0 /* Preview Assets.xcassets */; };
		BD78C423291D79E40070C2E0 /* Persistence.swift in Sources */ = {isa = PBXBuildFile; fileRef = BD78C422291D79E40070C2E0 /* Persistence.swift */; };
		BD78C426291D79E40070C2E0 /* Big_Robot_Micro_Client_Services.xcdatamodeld in Sources */ = {isa = PBXBuildFile; fileRef = BD78C424291D79E40070C2E0 /* Big_Robot_Micro_Client_Services.xcdatamodeld */; };
		BD898B5D291D7E1B00C311DC /* ValueOnboarding.swift in Sources */ = {isa = PBXBuildFile; fileRef = BD898B5C291D7E1B00C311DC /* ValueOnboarding.swift */; };
		BDC6EE7E291DDDF20086F0DB /* WeatherMockView.swift in Sources */ = {isa = PBXBuildFile; fileRef = BDC6EE7D291DDDF20086F0DB /* WeatherMockView.swift */; };
		BDD22F0D291D9135008DABE8 /* ValueOnboardingVM.swift in Sources */ = {isa = PBXBuildFile; fileRef = BDD22F0C291D9135008DABE8 /* ValueOnboardingVM.swift */; };
		BDD22F0F291DC059008DABE8 /* OnboarderContainerView.swift in Sources */ = {isa = PBXBuildFile; fileRef = BDD22F0E291DC059008DABE8 /* OnboarderContainerView.swift */; };
		BDD22F11291DC869008DABE8 /* MainPage.swift in Sources */ = {isa = PBXBuildFile; fileRef = BDD22F10291DC869008DABE8 /* MainPage.swift */; };
		BDD22F14291DCB32008DABE8 /* SettingsPage.swift in Sources */ = {isa = PBXBuildFile; fileRef = BDD22F13291DCB32008DABE8 /* SettingsPage.swift */; };
		BDD22F16291DD020008DABE8 /* BLEPage.swift in Sources */ = {isa = PBXBuildFile; fileRef = BDD22F15291DD020008DABE8 /* BLEPage.swift */; };
		BDD22F18291DD067008DABE8 /* GraphDemosView.swift in Sources */ = {isa = PBXBuildFile; fileRef = BDD22F17291DD067008DABE8 /* GraphDemosView.swift */; };
		BDF89A1C291DF046000CD49F /* View+Extension.swift in Sources */ = {isa = PBXBuildFile; fileRef = BDF89A1B291DF046000CD49F /* View+Extension.swift */; };
/* End PBXBuildFile section */

/* Begin PBXFileReference section */
		BD78C416291D79E10070C2E0 /* Big Robot Micro Client Services.app */ = {isa = PBXFileReference; explicitFileType = wrapper.application; includeInIndex = 0; path = "Big Robot Micro Client Services.app"; sourceTree = BUILT_PRODUCTS_DIR; };
		BD78C419291D79E10070C2E0 /* Big_Robot_Micro_Client_ServicesApp.swift */ = {isa = PBXFileReference; lastKnownFileType = sourcecode.swift; path = Big_Robot_Micro_Client_ServicesApp.swift; sourceTree = "<group>"; };
		BD78C41B291D79E10070C2E0 /* ContentView.swift */ = {isa = PBXFileReference; lastKnownFileType = sourcecode.swift; path = ContentView.swift; sourceTree = "<group>"; };
		BD78C41D291D79E40070C2E0 /* Assets.xcassets */ = {isa = PBXFileReference; lastKnownFileType = folder.assetcatalog; path = Assets.xcassets; sourceTree = "<group>"; };
		BD78C420291D79E40070C2E0 /* Preview Assets.xcassets */ = {isa = PBXFileReference; lastKnownFileType = folder.assetcatalog; path = "Preview Assets.xcassets"; sourceTree = "<group>"; };
		BD78C422291D79E40070C2E0 /* Persistence.swift */ = {isa = PBXFileReference; lastKnownFileType = sourcecode.swift; path = Persistence.swift; sourceTree = "<group>"; };
		BD78C425291D79E40070C2E0 /* Big_Robot_Micro_Client_Services.xcdatamodel */ = {isa = PBXFileReference; lastKnownFileType = wrapper.xcdatamodel; path = Big_Robot_Micro_Client_Services.xcdatamodel; sourceTree = "<group>"; };
		BD898B5C291D7E1B00C311DC /* ValueOnboarding.swift */ = {isa = PBXFileReference; lastKnownFileType = sourcecode.swift; path = ValueOnboarding.swift; sourceTree = "<group>"; };
		BDC6EE7D291DDDF20086F0DB /* WeatherMockView.swift */ = {isa = PBXFileReference; lastKnownFileType = sourcecode.swift; path = WeatherMockView.swift; sourceTree = "<group>"; };
		BDD22F0C291D9135008DABE8 /* ValueOnboardingVM.swift */ = {isa = PBXFileReference; lastKnownFileType = sourcecode.swift; path = ValueOnboardingVM.swift; sourceTree = "<group>"; };
		BDD22F0E291DC059008DABE8 /* OnboarderContainerView.swift */ = {isa = PBXFileReference; lastKnownFileType = sourcecode.swift; path = OnboarderContainerView.swift; sourceTree = "<group>"; };
		BDD22F10291DC869008DABE8 /* MainPage.swift */ = {isa = PBXFileReference; lastKnownFileType = sourcecode.swift; path = MainPage.swift; sourceTree = "<group>"; };
		BDD22F13291DCB32008DABE8 /* SettingsPage.swift */ = {isa = PBXFileReference; lastKnownFileType = sourcecode.swift; path = SettingsPage.swift; sourceTree = "<group>"; };
		BDD22F15291DD020008DABE8 /* BLEPage.swift */ = {isa = PBXFileReference; lastKnownFileType = sourcecode.swift; path = BLEPage.swift; sourceTree = "<group>"; };
		BDD22F17291DD067008DABE8 /* GraphDemosView.swift */ = {isa = PBXFileReference; lastKnownFileType = sourcecode.swift; path = GraphDemosView.swift; sourceTree = "<group>"; };
		BDF89A1B291DF046000CD49F /* View+Extension.swift */ = {isa = PBXFileReference; lastKnownFileType = sourcecode.swift; path = "View+Extension.swift"; sourceTree = "<group>"; };
/* End PBXFileReference section */

/* Begin PBXFrameworksBuildPhase section */
		BD78C413291D79E10070C2E0 /* Frameworks */ = {
			isa = PBXFrameworksBuildPhase;
			buildActionMask = 2147483647;
			files = (
			);
			runOnlyForDeploymentPostprocessing = 0;
		};
/* End PBXFrameworksBuildPhase section */

/* Begin PBXGroup section */
		BD78C40D291D79E10070C2E0 = {
			isa = PBXGroup;
			children = (
				BD78C418291D79E10070C2E0 /* Big Robot Micro Client Services */,
				BD78C417291D79E10070C2E0 /* Products */,
			);
			sourceTree = "<group>";
		};
		BD78C417291D79E10070C2E0 /* Products */ = {
			isa = PBXGroup;
			children = (
				BD78C416291D79E10070C2E0 /* Big Robot Micro Client Services.app */,
			);
			name = Products;
			sourceTree = "<group>";
		};
		BD78C418291D79E10070C2E0 /* Big Robot Micro Client Services */ = {
			isa = PBXGroup;
			children = (
				BDF89A1A291DF031000CD49F /* Extensions */,
				BDD22F12291DC92B008DABE8 /* MainContentViews */,
				BD898B5B291D7DBD00C311DC /* CustViews */,
				BD78C419291D79E10070C2E0 /* Big_Robot_Micro_Client_ServicesApp.swift */,
				BD78C41B291D79E10070C2E0 /* ContentView.swift */,
				BD78C41D291D79E40070C2E0 /* Assets.xcassets */,
				BD78C422291D79E40070C2E0 /* Persistence.swift */,
				BD78C424291D79E40070C2E0 /* Big_Robot_Micro_Client_Services.xcdatamodeld */,
				BD78C41F291D79E40070C2E0 /* Preview Content */,
			);
			path = "Big Robot Micro Client Services";
			sourceTree = "<group>";
		};
		BD78C41F291D79E40070C2E0 /* Preview Content */ = {
			isa = PBXGroup;
			children = (
				BD78C420291D79E40070C2E0 /* Preview Assets.xcassets */,
			);
			path = "Preview Content";
			sourceTree = "<group>";
		};
		BD898B5B291D7DBD00C311DC /* CustViews */ = {
			isa = PBXGroup;
			children = (
				BD898B5C291D7E1B00C311DC /* ValueOnboarding.swift */,
				BDD22F0C291D9135008DABE8 /* ValueOnboardingVM.swift */,
			);
			path = CustViews;
			sourceTree = "<group>";
		};
		BDD22F12291DC92B008DABE8 /* MainContentViews */ = {
			isa = PBXGroup;
			children = (
				BDD22F10291DC869008DABE8 /* MainPage.swift */,
				BDD22F0E291DC059008DABE8 /* OnboarderContainerView.swift */,
				BDD22F13291DCB32008DABE8 /* SettingsPage.swift */,
				BDD22F15291DD020008DABE8 /* BLEPage.swift */,
				BDD22F17291DD067008DABE8 /* GraphDemosView.swift */,
				BDC6EE7D291DDDF20086F0DB /* WeatherMockView.swift */,
			);
			path = MainContentViews;
			sourceTree = "<group>";
		};
		BDF89A1A291DF031000CD49F /* Extensions */ = {
			isa = PBXGroup;
			children = (
				BDF89A1B291DF046000CD49F /* View+Extension.swift */,
			);
			path = Extensions;
			sourceTree = "<group>";
		};
/* End PBXGroup section */

/* Begin PBXNativeTarget section */
		BD78C415291D79E10070C2E0 /* Big Robot Micro Client Services */ = {
			isa = PBXNativeTarget;
			buildConfigurationList = BD78C429291D79E40070C2E0 /* Build configuration list for PBXNativeTarget "Big Robot Micro Client Services" */;
			buildPhases = (
				BD78C412291D79E10070C2E0 /* Sources */,
				BD78C413291D79E10070C2E0 /* Frameworks */,
				BD78C414291D79E10070C2E0 /* Resources */,
			);
			buildRules = (
			);
			dependencies = (
			);
			name = "Big Robot Micro Client Services";
			productName = "Big Robot Micro Client Services";
			productReference = BD78C416291D79E10070C2E0 /* Big Robot Micro Client Services.app */;
			productType = "com.apple.product-type.application";
		};
/* End PBXNativeTarget section */

/* Begin PBXProject section */
		BD78C40E291D79E10070C2E0 /* Project object */ = {
			isa = PBXProject;
			attributes = {
				BuildIndependentTargetsInParallel = 1;
				LastSwiftUpdateCheck = 1410;
				LastUpgradeCheck = 1410;
				TargetAttributes = {
					BD78C415291D79E10070C2E0 = {
						CreatedOnToolsVersion = 14.1;
					};
				};
			};
			buildConfigurationList = BD78C411291D79E10070C2E0 /* Build configuration list for PBXProject "Big Robot Micro Client Services" */;
			compatibilityVersion = "Xcode 14.0";
			developmentRegion = en;
			hasScannedForEncodings = 0;
			knownRegions = (
				en,
				Base,
			);
			mainGroup = BD78C40D291D79E10070C2E0;
			productRefGroup = BD78C417291D79E10070C2E0 /* Products */;
			projectDirPath = "";
			projectRoot = "";
			targets = (
				BD78C415291D79E10070C2E0 /* Big Robot Micro Client Services */,
			);
		};
/* End PBXProject section */

/* Begin PBXResourcesBuildPhase section */
		BD78C414291D79E10070C2E0 /* Resources */ = {
			isa = PBXResourcesBuildPhase;
			buildActionMask = 2147483647;
			files = (
				BD78C421291D79E40070C2E0 /* Preview Assets.xcassets in Resources */,
				BD78C41E291D79E40070C2E0 /* Assets.xcassets in Resources */,
			);
			runOnlyForDeploymentPostprocessing = 0;
		};
/* End PBXResourcesBuildPhase section */

/* Begin PBXSourcesBuildPhase section */
		BD78C412291D79E10070C2E0 /* Sources */ = {
			isa = PBXSourcesBuildPhase;
			buildActionMask = 2147483647;
			files = (
				BDD22F14291DCB32008DABE8 /* SettingsPage.swift in Sources */,
				BDC6EE7E291DDDF20086F0DB /* WeatherMockView.swift in Sources */,
				BD898B5D291D7E1B00C311DC /* ValueOnboarding.swift in Sources */,
				BDD22F16291DD020008DABE8 /* BLEPage.swift in Sources */,
				BDD22F0D291D9135008DABE8 /* ValueOnboardingVM.swift in Sources */,
				BDD22F18291DD067008DABE8 /* GraphDemosView.swift in Sources */,
				BD78C423291D79E40070C2E0 /* Persistence.swift in Sources */,
				BDD22F11291DC869008DABE8 /* MainPage.swift in Sources */,
				BD78C426291D79E40070C2E0 /* Big_Robot_Micro_Client_Services.xcdatamodeld in Sources */,
				BDD22F0F291DC059008DABE8 /* OnboarderContainerView.swift in Sources */,
				BDF89A1C291DF046000CD49F /* View+Extension.swift in Sources */,
				BD78C41C291D79E10070C2E0 /* ContentView.swift in Sources */,
				BD78C41A291D79E10070C2E0 /* Big_Robot_Micro_Client_ServicesApp.swift in Sources */,
			);
			runOnlyForDeploymentPostprocessing = 0;
		};
/* End PBXSourcesBuildPhase section */

/* Begin XCBuildConfiguration section */
		BD78C427291D79E40070C2E0 /* Debug */ = {
			isa = XCBuildConfiguration;
			buildSettings = {
				ALWAYS_SEARCH_USER_PATHS = NO;
				CLANG_ANALYZER_NONNULL = YES;
				CLANG_ANALYZER_NUMBER_OBJECT_CONVERSION = YES_AGGRESSIVE;
				CLANG_CXX_LANGUAGE_STANDARD = "gnu++20";
				CLANG_ENABLE_MODULES = YES;
				CLANG_ENABLE_OBJC_ARC = YES;
				CLANG_ENABLE_OBJC_WEAK = YES;
				CLANG_WARN_BLOCK_CAPTURE_AUTORELEASING = YES;
				CLANG_WARN_BOOL_CONVERSION = YES;
				CLANG_WARN_COMMA = YES;
				CLANG_WARN_CONSTANT_CONVERSION = YES;
				CLANG_WARN_DEPRECATED_OBJC_IMPLEMENTATIONS = YES;
				CLANG_WARN_DIRECT_OBJC_ISA_USAGE = YES_ERROR;
				CLANG_WARN_DOCUMENTATION_COMMENTS = YES;
				CLANG_WARN_EMPTY_BODY = YES;
				CLANG_WARN_ENUM_CONVERSION = YES;
				CLANG_WARN_INFINITE_RECURSION = YES;
				CLANG_WARN_INT_CONVERSION = YES;
				CLANG_WARN_NON_LITERAL_NULL_CONVERSION = YES;
				CLANG_WARN_OBJC_IMPLICIT_RETAIN_SELF = YES;
				CLANG_WARN_OBJC_LITERAL_CONVERSION = YES;
				CLANG_WARN_OBJC_ROOT_CLASS = YES_ERROR;
				CLANG_WARN_QUOTED_INCLUDE_IN_FRAMEWORK_HEADER = YES;
				CLANG_WARN_RANGE_LOOP_ANALYSIS = YES;
				CLANG_WARN_STRICT_PROTOTYPES = YES;
				CLANG_WARN_SUSPICIOUS_MOVE = YES;
				CLANG_WARN_UNGUARDED_AVAILABILITY = YES_AGGRESSIVE;
				CLANG_WARN_UNREACHABLE_CODE = YES;
				CLANG_WARN__DUPLICATE_METHOD_MATCH = YES;
				COPY_PHASE_STRIP = NO;
				DEBUG_INFORMATION_FORMAT = dwarf;
				ENABLE_STRICT_OBJC_MSGSEND = YES;
				ENABLE_TESTABILITY = YES;
				GCC_C_LANGUAGE_STANDARD = gnu11;
				GCC_DYNAMIC_NO_PIC = NO;
				GCC_NO_COMMON_BLOCKS = YES;
				GCC_OPTIMIZATION_LEVEL = 0;
				GCC_PREPROCESSOR_DEFINITIONS = (
					"DEBUG=1",
					"$(inherited)",
				);
				GCC_WARN_64_TO_32_BIT_CONVERSION = YES;
				GCC_WARN_ABOUT_RETURN_TYPE = YES_ERROR;
				GCC_WARN_UNDECLARED_SELECTOR = YES;
				GCC_WARN_UNINITIALIZED_AUTOS = YES_AGGRESSIVE;
				GCC_WARN_UNUSED_FUNCTION = YES;
				GCC_WARN_UNUSED_VARIABLE = YES;
				IPHONEOS_DEPLOYMENT_TARGET = 16.1;
				MTL_ENABLE_DEBUG_INFO = INCLUDE_SOURCE;
				MTL_FAST_MATH = YES;
				ONLY_ACTIVE_ARCH = YES;
				SDKROOT = iphoneos;
				SWIFT_ACTIVE_COMPILATION_CONDITIONS = DEBUG;
				SWIFT_OPTIMIZATION_LEVEL = "-Onone";
			};
			name = Debug;
		};
		BD78C428291D79E40070C2E0 /* Release */ = {
			isa = XCBuildConfiguration;
			buildSettings = {
				ALWAYS_SEARCH_USER_PATHS = NO;
				CLANG_ANALYZER_NONNULL = YES;
				CLANG_ANALYZER_NUMBER_OBJECT_CONVERSION = YES_AGGRESSIVE;
				CLANG_CXX_LANGUAGE_STANDARD = "gnu++20";
				CLANG_ENABLE_MODULES = YES;
				CLANG_ENABLE_OBJC_ARC = YES;
				CLANG_ENABLE_OBJC_WEAK = YES;
				CLANG_WARN_BLOCK_CAPTURE_AUTORELEASING = YES;
				CLANG_WARN_BOOL_CONVERSION = YES;
				CLANG_WARN_COMMA = YES;
				CLANG_WARN_CONSTANT_CONVERSION = YES;
				CLANG_WARN_DEPRECATED_OBJC_IMPLEMENTATIONS = YES;
				CLANG_WARN_DIRECT_OBJC_ISA_USAGE = YES_ERROR;
				CLANG_WARN_DOCUMENTATION_COMMENTS = YES;
				CLANG_WARN_EMPTY_BODY = YES;
				CLANG_WARN_ENUM_CONVERSION = YES;
				CLANG_WARN_INFINITE_RECURSION = YES;
				CLANG_WARN_INT_CONVERSION = YES;
				CLANG_WARN_NON_LITERAL_NULL_CONVERSION = YES;
				CLANG_WARN_OBJC_IMPLICIT_RETAIN_SELF = YES;
				CLANG_WARN_OBJC_LITERAL_CONVERSION = YES;
				CLANG_WARN_OBJC_ROOT_CLASS = YES_ERROR;
				CLANG_WARN_QUOTED_INCLUDE_IN_FRAMEWORK_HEADER = YES;
				CLANG_WARN_RANGE_LOOP_ANALYSIS = YES;
				CLANG_WARN_STRICT_PROTOTYPES = YES;
				CLANG_WARN_SUSPICIOUS_MOVE = YES;
				CLANG_WARN_UNGUARDED_AVAILABILITY = YES_AGGRESSIVE;
				CLANG_WARN_UNREACHABLE_CODE = YES;
				CLANG_WARN__DUPLICATE_METHOD_MATCH = YES;
				COPY_PHASE_STRIP = NO;
				DEBUG_INFORMATION_FORMAT = "dwarf-with-dsym";
				ENABLE_NS_ASSERTIONS = NO;
				ENABLE_STRICT_OBJC_MSGSEND = YES;
				GCC_C_LANGUAGE_STANDARD = gnu11;
				GCC_NO_COMMON_BLOCKS = YES;
				GCC_WARN_64_TO_32_BIT_CONVERSION = YES;
				GCC_WARN_ABOUT_RETURN_TYPE = YES_ERROR;
				GCC_WARN_UNDECLARED_SELECTOR = YES;
				GCC_WARN_UNINITIALIZED_AUTOS = YES_AGGRESSIVE;
				GCC_WARN_UNUSED_FUNCTION = YES;
				GCC_WARN_UNUSED_VARIABLE = YES;
				IPHONEOS_DEPLOYMENT_TARGET = 16.1;
				MTL_ENABLE_DEBUG_INFO = NO;
				MTL_FAST_MATH = YES;
				SDKROOT = iphoneos;
				SWIFT_COMPILATION_MODE = wholemodule;
				SWIFT_OPTIMIZATION_LEVEL = "-O";
				VALIDATE_PRODUCT = YES;
			};
			name = Release;
		};
		BD78C42A291D79E40070C2E0 /* Debug */ = {
			isa = XCBuildConfiguration;
			buildSettings = {
				ASSETCATALOG_COMPILER_APPICON_NAME = AppIcon;
				ASSETCATALOG_COMPILER_GLOBAL_ACCENT_COLOR_NAME = AccentColor;
				CODE_SIGN_STYLE = Automatic;
				CURRENT_PROJECT_VERSION = 1;
				DEVELOPMENT_ASSET_PATHS = "\"Big Robot Micro Client Services/Preview Content\"";
				DEVELOPMENT_TEAM = 669VG3KZR8;
				ENABLE_PREVIEWS = YES;
				GENERATE_INFOPLIST_FILE = YES;
				INFOPLIST_KEY_UIApplicationSceneManifest_Generation = YES;
				INFOPLIST_KEY_UIApplicationSupportsIndirectInputEvents = YES;
				INFOPLIST_KEY_UILaunchScreen_Generation = YES;
				INFOPLIST_KEY_UISupportedInterfaceOrientations = UIInterfaceOrientationPortrait;
				INFOPLIST_KEY_UISupportedInterfaceOrientations_iPad = "UIInterfaceOrientationLandscapeLeft UIInterfaceOrientationLandscapeRight UIInterfaceOrientationPortrait UIInterfaceOrientationPortraitUpsideDown";
				IPHONEOS_DEPLOYMENT_TARGET = 15.2;
				LD_RUNPATH_SEARCH_PATHS = (
					"$(inherited)",
					"@executable_path/Frameworks",
				);
				MARKETING_VERSION = 1.0;
				PRODUCT_BUNDLE_IDENTIFIER = "com.bigrobotmicro.Big-Robot-Micro-Client-Services";
				PRODUCT_NAME = "$(TARGET_NAME)";
				SWIFT_EMIT_LOC_STRINGS = YES;
				SWIFT_VERSION = 5.0;
				TARGETED_DEVICE_FAMILY = "1,2";
			};
			name = Debug;
		};
		BD78C42B291D79E40070C2E0 /* Release */ = {
			isa = XCBuildConfiguration;
			buildSettings = {
				ASSETCATALOG_COMPILER_APPICON_NAME = AppIcon;
				ASSETCATALOG_COMPILER_GLOBAL_ACCENT_COLOR_NAME = AccentColor;
				CODE_SIGN_STYLE = Automatic;
				CURRENT_PROJECT_VERSION = 1;
				DEVELOPMENT_ASSET_PATHS = "\"Big Robot Micro Client Services/Preview Content\"";
				DEVELOPMENT_TEAM = 669VG3KZR8;
				ENABLE_PREVIEWS = YES;
				GENERATE_INFOPLIST_FILE = YES;
				INFOPLIST_KEY_UIApplicationSceneManifest_Generation = YES;
				INFOPLIST_KEY_UIApplicationSupportsIndirectInputEvents = YES;
				INFOPLIST_KEY_UILaunchScreen_Generation = YES;
				INFOPLIST_KEY_UISupportedInterfaceOrientations = UIInterfaceOrientationPortrait;
				INFOPLIST_KEY_UISupportedInterfaceOrientations_iPad = "UIInterfaceOrientationLandscapeLeft UIInterfaceOrientationLandscapeRight UIInterfaceOrientationPortrait UIInterfaceOrientationPortraitUpsideDown";
				IPHONEOS_DEPLOYMENT_TARGET = 15.2;
				LD_RUNPATH_SEARCH_PATHS = (
					"$(inherited)",
					"@executable_path/Frameworks",
				);
				MARKETING_VERSION = 1.0;
				PRODUCT_BUNDLE_IDENTIFIER = "com.bigrobotmicro.Big-Robot-Micro-Client-Services";
				PRODUCT_NAME = "$(TARGET_NAME)";
				SWIFT_EMIT_LOC_STRINGS = YES;
				SWIFT_VERSION = 5.0;
				TARGETED_DEVICE_FAMILY = "1,2";
			};
			name = Release;
		};
/* End XCBuildConfiguration section */

/* Begin XCConfigurationList section */
		BD78C411291D79E10070C2E0 /* Build configuration list for PBXProject "Big Robot Micro Client Services" */ = {
			isa = XCConfigurationList;
			buildConfigurations = (
				BD78C427291D79E40070C2E0 /* Debug */,
				BD78C428291D79E40070C2E0 /* Release */,
			);
			defaultConfigurationIsVisible = 0;
			defaultConfigurationName = Release;
		};
		BD78C429291D79E40070C2E0 /* Build configuration list for PBXNativeTarget "Big Robot Micro Client Services" */ = {
			isa = XCConfigurationList;
			buildConfigurations = (
				BD78C42A291D79E40070C2E0 /* Debug */,
				BD78C42B291D79E40070C2E0 /* Release */,
			);
			defaultConfigurationIsVisible = 0;
			defaultConfigurationName = Release;
		};
/* End XCConfigurationList section */

/* Begin XCVersionGroup section */
		BD78C424291D79E40070C2E0 /* Big_Robot_Micro_Client_Services.xcdatamodeld */ = {
			isa = XCVersionGroup;
			children = (
				BD78C425291D79E40070C2E0 /* Big_Robot_Micro_Client_Services.xcdatamodel */,
			);
			currentVersion = BD78C425291D79E40070C2E0 /* Big_Robot_Micro_Client_Services.xcdatamodel */;
			path = Big_Robot_Micro_Client_Services.xcdatamodeld;
			sourceTree = "<group>";
			versionGroupType = wrapper.xcdatamodel;
		};
/* End XCVersionGroup section */
	};
	rootObject = BD78C40E291D79E10070C2E0 /* Project object */;
}
